{
  "name": "aula04_18mar",
  "version": "1.0.0",
  "lockfileVersion": 3,
  "requires": true,
  "packages": {
    "": {
      "name": "aula04_18mar",
      "version": "1.0.0",
      "license": "ISC",
      "dependencies": {
        "aula04_18mar": "file:"
      }
    },
    "node_modules/aula04_18mar": {
      "resolved": "",
      "link": true
    }
  }
}
